
Microsoft Visual Studio Solution File, Format Version 12.00
# Visual Studio 15
VisualStudioVersion = 15.0.26124.0
MinimumVisualStudioVersion = 15.0.26124.0
Project("{FAE04EC0-301F-11D3-BF4B-00C04F79EFBC}") = "anagram", "anagram\anagram.csproj", "{3A544D87-E2E4-4CBD-9893-F084A2775800}"
EndProject
Project("{FAE04EC0-301F-11D3-BF4B-00C04F79EFBC}") = "anagram.test", "anagram.test\anagram.test.csproj", "{F53B9A93-58BB-45F0-908A-9B26902428F0}"
EndProject
Global
	GlobalSection(SolutionConfigurationPlatforms) = preSolution
		Debug|Any CPU = Debug|Any CPU
		Debug|x64 = Debug|x64
		Debug|x86 = Debug|x86
		Release|Any CPU = Release|Any CPU
		Release|x64 = Release|x64
		Release|x86 = Release|x86
	EndGlobalSection
	GlobalSection(SolutionProperties) = preSolution
		HideSolutionNode = FALSE
	EndGlobalSection
	GlobalSection(ProjectConfigurationPlatforms) = postSolution
		{3A544D87-E2E4-4CBD-9893-F084A2775800}.Debug|Any CPU.ActiveCfg = Debug|Any CPU
		{3A544D87-E2E4-4CBD-9893-F084A2775800}.Debug|Any CPU.Build.0 = Debug|Any CPU
		{3A544D87-E2E4-4CBD-9893-F084A2775800}.Debug|x64.ActiveCfg = Debug|Any CPU
		{3A544D87-E2E4-4CBD-9893-F084A2775800}.Debug|x64.Build.0 = Debug|Any CPU
		{3A544D87-E2E4-4CBD-9893-F084A2775800}.Debug|x86.ActiveCfg = Debug|Any CPU
		{3A544D87-E2E4-4CBD-9893-F084A2775800}.Debug|x86.Build.0 = Debug|Any CPU
		{3A544D87-E2E4-4CBD-9893-F084A2775800}.Release|Any CPU.ActiveCfg = Release|Any CPU
		{3A544D87-E2E4-4CBD-9893-F084A2775800}.Release|Any CPU.Build.0 = Release|Any CPU
		{3A544D87-E2E4-4CBD-9893-F084A2775800}.Release|x64.ActiveCfg = Release|Any CPU
		{3A544D87-E2E4-4CBD-9893-F084A2775800}.Release|x64.Build.0 = Release|Any CPU
		{3A544D87-E2E4-4CBD-9893-F084A2775800}.Release|x86.ActiveCfg = Release|Any CPU
		{3A544D87-E2E4-4CBD-9893-F084A2775800}.Release|x86.Build.0 = Release|Any CPU
		{F53B9A93-58BB-45F0-908A-9B26902428F0}.Debug|Any CPU.ActiveCfg = Debug|Any CPU
		{F53B9A93-58BB-45F0-908A-9B26902428F0}.Debug|Any CPU.Build.0 = Debug|Any CPU
		{F53B9A93-58BB-45F0-908A-9B26902428F0}.Debug|x64.ActiveCfg = Debug|Any CPU
		{F53B9A93-58BB-45F0-908A-9B26902428F0}.Debug|x64.Build.0 = Debug|Any CPU
		{F53B9A93-58BB-45F0-908A-9B26902428F0}.Debug|x86.ActiveCfg = Debug|Any CPU
		{F53B9A93-58BB-45F0-908A-9B26902428F0}.Debug|x86.Build.0 = Debug|Any CPU
		{F53B9A93-58BB-45F0-908A-9B26902428F0}.Release|Any CPU.ActiveCfg = Release|Any CPU
		{F53B9A93-58BB-45F0-908A-9B26902428F0}.Release|Any CPU.Build.0 = Release|Any CPU
		{F53B9A93-58BB-45F0-908A-9B26902428F0}.Release|x64.ActiveCfg = Release|Any CPU
		{F53B9A93-58BB-45F0-908A-9B26902428F0}.Release|x64.Build.0 = Release|Any CPU
		{F53B9A93-58BB-45F0-908A-9B26902428F0}.Release|x86.ActiveCfg = Release|Any CPU
		{F53B9A93-58BB-45F0-908A-9B26902428F0}.Release|x86.Build.0 = Release|Any CPU
	EndGlobalSection
EndGlobal
